
Microsoft Visual Studio Solution File, Format Version 12.00
# Visual Studio Version 16
VisualStudioVersion = 16.0.808.6
MinimumVisualStudioVersion = 10.0.40219.1
Project("{FAE04EC0-301F-11D3-BF4B-00C04F79EFBC}") = "XamarinSample.Android", "XamarinSample.Android\XamarinSample.Android.csproj", "{63559B3A-1F13-4882-862C-5E5E1161C496}"
EndProject
Project("{FAE04EC0-301F-11D3-BF4B-00C04F79EFBC}") = "XamarinSample.iOS", "XamarinSample.iOS\XamarinSample.iOS.csproj", "{4DEFFDBD-8AC1-47BC-B1A2-5FF776102129}"
EndProject
Project("{FAE04EC0-301F-11D3-BF4B-00C04F79EFBC}") = "XamarinSample.UITests", "XamarinSample.UITests\XamarinSample.UITests.csproj", "{59522C11-0B1A-4447-B61E-F2852C4199D1}"
EndProject
Project("{FAE04EC0-301F-11D3-BF4B-00C04F79EFBC}") = "XamarinSample", "XamarinSample\XamarinSample.csproj", "{2ABD236F-D40D-458F-92CE-BABF645B3BA2}"
EndProject
Global
	GlobalSection(SolutionConfigurationPlatforms) = preSolution
		Debug|Any CPU = Debug|Any CPU
		Release|Any CPU = Release|Any CPU
		Debug|iPhoneSimulator = Debug|iPhoneSimulator
		Release|iPhoneSimulator = Release|iPhoneSimulator
		Debug|iPhone = Debug|iPhone
		Release|iPhone = Release|iPhone
	EndGlobalSection
	GlobalSection(ProjectConfigurationPlatforms) = postSolution
		{63559B3A-1F13-4882-862C-5E5E1161C496}.Debug|Any CPU.ActiveCfg = Debug|Any CPU
		{63559B3A-1F13-4882-862C-5E5E1161C496}.Debug|Any CPU.Build.0 = Debug|Any CPU
		{63559B3A-1F13-4882-862C-5E5E1161C496}.Release|Any CPU.ActiveCfg = Release|Any CPU
		{63559B3A-1F13-4882-862C-5E5E1161C496}.Release|Any CPU.Build.0 = Release|Any CPU
		{63559B3A-1F13-4882-862C-5E5E1161C496}.Debug|iPhoneSimulator.ActiveCfg = Debug|Any CPU
		{63559B3A-1F13-4882-862C-5E5E1161C496}.Debug|iPhoneSimulator.Build.0 = Debug|Any CPU
		{63559B3A-1F13-4882-862C-5E5E1161C496}.Release|iPhoneSimulator.ActiveCfg = Release|Any CPU
		{63559B3A-1F13-4882-862C-5E5E1161C496}.Release|iPhoneSimulator.Build.0 = Release|Any CPU
		{63559B3A-1F13-4882-862C-5E5E1161C496}.Debug|iPhone.ActiveCfg = Debug|Any CPU
		{63559B3A-1F13-4882-862C-5E5E1161C496}.Debug|iPhone.Build.0 = Debug|Any CPU
		{63559B3A-1F13-4882-862C-5E5E1161C496}.Release|iPhone.ActiveCfg = Release|Any CPU
		{63559B3A-1F13-4882-862C-5E5E1161C496}.Release|iPhone.Build.0 = Release|Any CPU
		{4DEFFDBD-8AC1-47BC-B1A2-5FF776102129}.Debug|Any CPU.ActiveCfg = Debug|iPhoneSimulator
		{4DEFFDBD-8AC1-47BC-B1A2-5FF776102129}.Debug|Any CPU.Build.0 = Debug|iPhoneSimulator
		{4DEFFDBD-8AC1-47BC-B1A2-5FF776102129}.Release|Any CPU.ActiveCfg = Release|iPhoneSimulator
		{4DEFFDBD-8AC1-47BC-B1A2-5FF776102129}.Release|Any CPU.Build.0 = Release|iPhoneSimulator
		{4DEFFDBD-8AC1-47BC-B1A2-5FF776102129}.Debug|iPhoneSimulator.ActiveCfg = Debug|iPhoneSimulator
		{4DEFFDBD-8AC1-47BC-B1A2-5FF776102129}.Debug|iPhoneSimulator.Build.0 = Debug|iPhoneSimulator
		{4DEFFDBD-8AC1-47BC-B1A2-5FF776102129}.Release|iPhoneSimulator.ActiveCfg = Release|iPhoneSimulator
		{4DEFFDBD-8AC1-47BC-B1A2-5FF776102129}.Release|iPhoneSimulator.Build.0 = Release|iPhoneSimulator
		{4DEFFDBD-8AC1-47BC-B1A2-5FF776102129}.Debug|iPhone.ActiveCfg = Debug|iPhone
		{4DEFFDBD-8AC1-47BC-B1A2-5FF776102129}.Debug|iPhone.Build.0 = Debug|iPhone
		{4DEFFDBD-8AC1-47BC-B1A2-5FF776102129}.Release|iPhone.ActiveCfg = Release|iPhone
		{4DEFFDBD-8AC1-47BC-B1A2-5FF776102129}.Release|iPhone.Build.0 = Release|iPhone
		{59522C11-0B1A-4447-B61E-F2852C4199D1}.Debug|Any CPU.ActiveCfg = Debug|Any CPU
		{59522C11-0B1A-4447-B61E-F2852C4199D1}.Debug|Any CPU.Build.0 = Debug|Any CPU
		{59522C11-0B1A-4447-B61E-F2852C4199D1}.Release|Any CPU.ActiveCfg = Release|Any CPU
		{59522C11-0B1A-4447-B61E-F2852C4199D1}.Release|Any CPU.Build.0 = Release|Any CPU
		{59522C11-0B1A-4447-B61E-F2852C4199D1}.Debug|iPhoneSimulator.ActiveCfg = Debug|Any CPU
		{59522C11-0B1A-4447-B61E-F2852C4199D1}.Debug|iPhoneSimulator.Build.0 = Debug|Any CPU
		{59522C11-0B1A-4447-B61E-F2852C4199D1}.Release|iPhoneSimulator.ActiveCfg = Release|Any CPU
		{59522C11-0B1A-4447-B61E-F2852C4199D1}.Release|iPhoneSimulator.Build.0 = Release|Any CPU
		{59522C11-0B1A-4447-B61E-F2852C4199D1}.Debug|iPhone.ActiveCfg = Debug|Any CPU
		{59522C11-0B1A-4447-B61E-F2852C4199D1}.Debug|iPhone.Build.0 = Debug|Any CPU
		{59522C11-0B1A-4447-B61E-F2852C4199D1}.Release|iPhone.ActiveCfg = Release|Any CPU
		{59522C11-0B1A-4447-B61E-F2852C4199D1}.Release|iPhone.Build.0 = Release|Any CPU
		{2ABD236F-D40D-458F-92CE-BABF645B3BA2}.Debug|Any CPU.ActiveCfg = Debug|Any CPU
		{2ABD236F-D40D-458F-92CE-BABF645B3BA2}.Debug|Any CPU.Build.0 = Debug|Any CPU
		{2ABD236F-D40D-458F-92CE-BABF645B3BA2}.Release|Any CPU.ActiveCfg = Release|Any CPU
		{2ABD236F-D40D-458F-92CE-BABF645B3BA2}.Release|Any CPU.Build.0 = Release|Any CPU
		{2ABD236F-D40D-458F-92CE-BABF645B3BA2}.Debug|iPhoneSimulator.ActiveCfg = Debug|Any CPU
		{2ABD236F-D40D-458F-92CE-BABF645B3BA2}.Debug|iPhoneSimulator.Build.0 = Debug|Any CPU
		{2ABD236F-D40D-458F-92CE-BABF645B3BA2}.Release|iPhoneSimulator.ActiveCfg = Release|Any CPU
		{2ABD236F-D40D-458F-92CE-BABF645B3BA2}.Release|iPhoneSimulator.Build.0 = Release|Any CPU
		{2ABD236F-D40D-458F-92CE-BABF645B3BA2}.Debug|iPhone.ActiveCfg = Debug|Any CPU
		{2ABD236F-D40D-458F-92CE-BABF645B3BA2}.Debug|iPhone.Build.0 = Debug|Any CPU
		{2ABD236F-D40D-458F-92CE-BABF645B3BA2}.Release|iPhone.ActiveCfg = Release|Any CPU
		{2ABD236F-D40D-458F-92CE-BABF645B3BA2}.Release|iPhone.Build.0 = Release|Any CPU
	EndGlobalSection
	GlobalSection(SolutionProperties) = preSolution
		HideSolutionNode = FALSE
	EndGlobalSection
	GlobalSection(ExtensibilityGlobals) = postSolution
		SolutionGuid = {B3E10C86-E841-46B8-A2B1-B82660E8A345}
	EndGlobalSection
EndGlobal
